
Microsoft Visual Studio Solution File, Format Version 12.00
# Visual Studio Version 17
VisualStudioVersion = 17.3.32922.545
MinimumVisualStudioVersion = 10.0.40219.1
Project("{FAE04EC0-301F-11D3-BF4B-00C04F79EFBC}") = "huiui", "huiui\huiui.csproj", "{14C2F0EE-9525-4AEC-98E4-F2B2D1066328}"
EndProject
Global
	GlobalSection(SolutionConfigurationPlatforms) = preSolution
		Debug|Any CPU = Debug|Any CPU
		Release|Any CPU = Release|Any CPU
	EndGlobalSection
	GlobalSection(ProjectConfigurationPlatforms) = postSolution
		{14C2F0EE-9525-4AEC-98E4-F2B2D1066328}.Debug|Any CPU.ActiveCfg = Debug|Any CPU
		{14C2F0EE-9525-4AEC-98E4-F2B2D1066328}.Debug|Any CPU.Build.0 = Debug|Any CPU
		{14C2F0EE-9525-4AEC-98E4-F2B2D1066328}.Release|Any CPU.ActiveCfg = Release|Any CPU
		{14C2F0EE-9525-4AEC-98E4-F2B2D1066328}.Release|Any CPU.Build.0 = Release|Any CPU
	EndGlobalSection
	GlobalSection(SolutionProperties) = preSolution
		HideSolutionNode = FALSE
	EndGlobalSection
	GlobalSection(ExtensibilityGlobals) = postSolution
		SolutionGuid = {02F06EB7-9131-4C65-9874-634D7E3DCC24}
	EndGlobalSection
EndGlobal
